// !$*UTF8*$!
{
	archiveVersion = 1;
	classes = {
	};
	objectVersion = 50;
	objects = {

/* Begin PBXBuildFile section */
		FEFCC3CC227CEC4600C41107 /* AppDelegate.swift in Sources */ = {isa = PBXBuildFile; fileRef = FEFCC3CB227CEC4600C41107 /* AppDelegate.swift */; };
		FEFCC3D1227CEC4600C41107 /* Main.storyboard in Resources */ = {isa = PBXBuildFile; fileRef = FEFCC3CF227CEC4600C41107 /* Main.storyboard */; };
		FEFCC3D3227CEC4800C41107 /* Assets.xcassets in Resources */ = {isa = PBXBuildFile; fileRef = FEFCC3D2227CEC4800C41107 /* Assets.xcassets */; };
		FEFCC3D6227CEC4800C41107 /* LaunchScreen.storyboard in Resources */ = {isa = PBXBuildFile; fileRef = FEFCC3D4227CEC4800C41107 /* LaunchScreen.storyboard */; };
		FEFCC3DE227CEC9600C41107 /* GenreButtonScreen.swift in Sources */ = {isa = PBXBuildFile; fileRef = FEFCC3DD227CEC9600C41107 /* GenreButtonScreen.swift */; };
/* End PBXBuildFile section */

/* Begin PBXFileReference section */
		FEFCC3C8227CEC4600C41107 /* MusicaPlayer.app */ = {isa = PBXFileReference; explicitFileType = wrapper.application; includeInIndex = 0; path = MusicaPlayer.app; sourceTree = BUILT_PRODUCTS_DIR; };
		FEFCC3CB227CEC4600C41107 /* AppDelegate.swift */ = {isa = PBXFileReference; lastKnownFileType = sourcecode.swift; path = AppDelegate.swift; sourceTree = "<group>"; };
		FEFCC3D0227CEC4600C41107 /* Base */ = {isa = PBXFileReference; lastKnownFileType = file.storyboard; name = Base; path = Base.lproj/Main.storyboard; sourceTree = "<group>"; };
		FEFCC3D2227CEC4800C41107 /* Assets.xcassets */ = {isa = PBXFileReference; lastKnownFileType = folder.assetcatalog; path = Assets.xcassets; sourceTree = "<group>"; };
		FEFCC3D5227CEC4800C41107 /* Base */ = {isa = PBXFileReference; lastKnownFileType = file.storyboard; name = Base; path = Base.lproj/LaunchScreen.storyboard; sourceTree = "<group>"; };
		FEFCC3D7227CEC4800C41107 /* Info.plist */ = {isa = PBXFileReference; lastKnownFileType = text.plist.xml; path = Info.plist; sourceTree = "<group>"; };
		FEFCC3DD227CEC9600C41107 /* GenreButtonScreen.swift */ = {isa = PBXFileReference; lastKnownFileType = sourcecode.swift; path = GenreButtonScreen.swift; sourceTree = "<group>"; };
/* End PBXFileReference section */

/* Begin PBXFrameworksBuildPhase section */
		FEFCC3C5227CEC4600C41107 /* Frameworks */ = {
			isa = PBXFrameworksBuildPhase;
			buildActionMask = 2147483647;
			files = (
			);
			runOnlyForDeploymentPostprocessing = 0;
		};
/* End PBXFrameworksBuildPhase section */

/* Begin PBXGroup section */
		FEFCC3BF227CEC4600C41107 = {
			isa = PBXGroup;
			children = (
				FEFCC3CA227CEC4600C41107 /* MusicaPlayer */,
				FEFCC3C9227CEC4600C41107 /* Products */,
			);
			sourceTree = "<group>";
		};
		FEFCC3C9227CEC4600C41107 /* Products */ = {
			isa = PBXGroup;
			children = (
				FEFCC3C8227CEC4600C41107 /* MusicaPlayer.app */,
			);
			name = Products;
			sourceTree = "<group>";
		};
		FEFCC3CA227CEC4600C41107 /* MusicaPlayer */ = {
			isa = PBXGroup;
			children = (
				FEFCC3CB227CEC4600C41107 /* AppDelegate.swift */,
				FEFCC3DD227CEC9600C41107 /* GenreButtonScreen.swift */,
				FEFCC3CF227CEC4600C41107 /* Main.storyboard */,
				FEFCC3D2227CEC4800C41107 /* Assets.xcassets */,
				FEFCC3D4227CEC4800C41107 /* LaunchScreen.storyboard */,
				FEFCC3D7227CEC4800C41107 /* Info.plist */,
			);
			path = MusicaPlayer;
			sourceTree = "<group>";
		};
/* End PBXGroup section */

/* Begin PBXNativeTarget section */
		FEFCC3C7227CEC4600C41107 /* MusicaPlayer */ = {
			isa = PBXNativeTarget;
			buildConfigurationList = FEFCC3DA227CEC4800C41107 /* Build configuration list for PBXNativeTarget "MusicaPlayer" */;
			buildPhases = (
				FEFCC3C4227CEC4600C41107 /* Sources */,
				FEFCC3C5227CEC4600C41107 /* Frameworks */,
				FEFCC3C6227CEC4600C41107 /* Resources */,
			);
			buildRules = (
			);
			dependencies = (
			);
			name = MusicaPlayer;
			productName = MusicaPlayer;
			productReference = FEFCC3C8227CEC4600C41107 /* MusicaPlayer.app */;
			productType = "com.apple.product-type.application";
		};
/* End PBXNativeTarget section */

/* Begin PBXProject section */
		FEFCC3C0227CEC4600C41107 /* Project object */ = {
			isa = PBXProject;
			attributes = {
				LastSwiftUpdateCheck = 1020;
				LastUpgradeCheck = 1020;
				ORGANIZATIONNAME = "Vintage Robot";
				TargetAttributes = {
					FEFCC3C7227CEC4600C41107 = {
						CreatedOnToolsVersion = 10.2.1;
					};
				};
			};
			buildConfigurationList = FEFCC3C3227CEC4600C41107 /* Build configuration list for PBXProject "MusicaPlayer" */;
			compatibilityVersion = "Xcode 9.3";
			developmentRegion = en;
			hasScannedForEncodings = 0;
			knownRegions = (
				en,
				Base,
			);
			mainGroup = FEFCC3BF227CEC4600C41107;
			productRefGroup = FEFCC3C9227CEC4600C41107 /* Products */;
			projectDirPath = "";
			projectRoot = "";
			targets = (
				FEFCC3C7227CEC4600C41107 /* MusicaPlayer */,
			);
		};
/* End PBXProject section */

/* Begin PBXResourcesBuildPhase section */
		FEFCC3C6227CEC4600C41107 /* Resources */ = {
			isa = PBXResourcesBuildPhase;
			buildActionMask = 2147483647;
			files = (
				FEFCC3D6227CEC4800C41107 /* LaunchScreen.storyboard in Resources */,
				FEFCC3D3227CEC4800C41107 /* Assets.xcassets in Resources */,
				FEFCC3D1227CEC4600C41107 /* Main.storyboard in Resources */,
			);
			runOnlyForDeploymentPostprocessing = 0;
		};
/* End PBXResourcesBuildPhase section */

/* Begin PBXSourcesBuildPhase section */
		FEFCC3C4227CEC4600C41107 /* Sources */ = {
			isa = PBXSourcesBuildPhase;
			buildActionMask = 2147483647;
			files = (
				FEFCC3CC227CEC4600C41107 /* AppDelegate.swift in Sources */,
				FEFCC3DE227CEC9600C41107 /* GenreButtonScreen.swift in Sources */,
			);
			runOnlyForDeploymentPostprocessing = 0;
		};
/* End PBXSourcesBuildPhase section */

/* Begin PBXVariantGroup section */
		FEFCC3CF227CEC4600C41107 /* Main.storyboard */ = {
			isa = PBXVariantGroup;
			children = (
				FEFCC3D0227CEC4600C41107 /* Base */,
			);
			name = Main.storyboard;
			sourceTree = "<group>";
		};
		FEFCC3D4227CEC4800C41107 /* LaunchScreen.storyboard */ = {
			isa = PBXVariantGroup;
			children = (
				FEFCC3D5227CEC4800C41107 /* Base */,
			);
			name = LaunchScreen.storyboard;
			sourceTree = "<group>";
		};
/* End PBXVariantGroup section */

/* Begin XCBuildConfiguration section */
		FEFCC3D8227CEC4800C41107 /* Debug */ = {
			isa = XCBuildConfiguration;
			buildSettings = {
				ALWAYS_SEARCH_USER_PATHS = NO;
				CLANG_ANALYZER_NONNULL = YES;
				CLANG_ANALYZER_NUMBER_OBJECT_CONVERSION = YES_AGGRESSIVE;
				CLANG_CXX_LANGUAGE_STANDARD = "gnu++14";
				CLANG_CXX_LIBRARY = "libc++";
				CLANG_ENABLE_MODULES = YES;
				CLANG_ENABLE_OBJC_ARC = YES;
				CLANG_ENABLE_OBJC_WEAK = YES;
				CLANG_WARN_BLOCK_CAPTURE_AUTORELEASING = YES;
				CLANG_WARN_BOOL_CONVERSION = YES;
				CLANG_WARN_COMMA = YES;
				CLANG_WARN_CONSTANT_CONVERSION = YES;
				CLANG_WARN_DEPRECATED_OBJC_IMPLEMENTATIONS = YES;
				CLANG_WARN_DIRECT_OBJC_ISA_USAGE = YES_ERROR;
				CLANG_WARN_DOCUMENTATION_COMMENTS = YES;
				CLANG_WARN_EMPTY_BODY = YES;
				CLANG_WARN_ENUM_CONVERSION = YES;
				CLANG_WARN_INFINITE_RECURSION = YES;
				CLANG_WARN_INT_CONVERSION = YES;
				CLANG_WARN_NON_LITERAL_NULL_CONVERSION = YES;
				CLANG_WARN_OBJC_IMPLICIT_RETAIN_SELF = YES;
				CLANG_WARN_OBJC_LITERAL_CONVERSION = YES;
				CLANG_WARN_OBJC_ROOT_CLASS = YES_ERROR;
				CLANG_WARN_RANGE_LOOP_ANALYSIS = YES;
				CLANG_WARN_STRICT_PROTOTYPES = YES;
				CLANG_WARN_SUSPICIOUS_MOVE = YES;
				CLANG_WARN_UNGUARDED_AVAILABILITY = YES_AGGRESSIVE;
				CLANG_WARN_UNREACHABLE_CODE = YES;
				CLANG_WARN__DUPLICATE_METHOD_MATCH = YES;
				CODE_SIGN_IDENTITY = "iPhone Developer";
				COPY_PHASE_STRIP = NO;
				DEBUG_INFORMATION_FORMAT = dwarf;
				ENABLE_STRICT_OBJC_MSGSEND = YES;
				ENABLE_TESTABILITY = YES;
				GCC_C_LANGUAGE_STANDARD = gnu11;
				GCC_DYNAMIC_NO_PIC = NO;
				GCC_NO_COMMON_BLOCKS = YES;
				GCC_OPTIMIZATION_LEVEL = 0;
				GCC_PREPROCESSOR_DEFINITIONS = (
					"DEBUG=1",
					"$(inherited)",
				);
				GCC_WARN_64_TO_32_BIT_CONVERSION = YES;
				GCC_WARN_ABOUT_RETURN_TYPE = YES_ERROR;
				GCC_WARN_UNDECLARED_SELECTOR = YES;
				GCC_WARN_UNINITIALIZED_AUTOS = YES_AGGRESSIVE;
				GCC_WARN_UNUSED_FUNCTION = YES;
				GCC_WARN_UNUSED_VARIABLE = YES;
				IPHONEOS_DEPLOYMENT_TARGET = 12.2;
				MTL_ENABLE_DEBUG_INFO = INCLUDE_SOURCE;
				MTL_FAST_MATH = YES;
				ONLY_ACTIVE_ARCH = YES;
				SDKROOT = iphoneos;
				SWIFT_ACTIVE_COMPILATION_CONDITIONS = DEBUG;
				SWIFT_OPTIMIZATION_LEVEL = "-Onone";
			};
			name = Debug;
		};
		FEFCC3D9227CEC4800C41107 /* Release */ = {
			isa = XCBuildConfiguration;
			buildSettings = {
				ALWAYS_SEARCH_USER_PATHS = NO;
				CLANG_ANALYZER_NONNULL = YES;
				CLANG_ANALYZER_NUMBER_OBJECT_CONVERSION = YES_AGGRESSIVE;
				CLANG_CXX_LANGUAGE_STANDARD = "gnu++14";
				CLANG_CXX_LIBRARY = "libc++";
				CLANG_ENABLE_MODULES = YES;
				CLANG_ENABLE_OBJC_ARC = YES;
				CLANG_ENABLE_OBJC_WEAK = YES;
				CLANG_WARN_BLOCK_CAPTURE_AUTORELEASING = YES;
				CLANG_WARN_BOOL_CONVERSION = YES;
				CLANG_WARN_COMMA = YES;
				CLANG_WARN_CONSTANT_CONVERSION = YES;
				CLANG_WARN_DEPRECATED_OBJC_IMPLEMENTATIONS = YES;
				CLANG_WARN_DIRECT_OBJC_ISA_USAGE = YES_ERROR;
				CLANG_WARN_DOCUMENTATION_COMMENTS = YES;
				CLANG_WARN_EMPTY_BODY = YES;
				CLANG_WARN_ENUM_CONVERSION = YES;
				CLANG_WARN_INFINITE_RECURSION = YES;
				CLANG_WARN_INT_CONVERSION = YES;
				CLANG_WARN_NON_LITERAL_NULL_CONVERSION = YES;
				CLANG_WARN_OBJC_IMPLICIT_RETAIN_SELF = YES;
				CLANG_WARN_OBJC_LITERAL_CONVERSION = YES;
				CLANG_WARN_OBJC_ROOT_CLASS = YES_ERROR;
				CLANG_WARN_RANGE_LOOP_ANALYSIS = YES;
				CLANG_WARN_STRICT_PROTOTYPES = YES;
				CLANG_WARN_SUSPICIOUS_MOVE = YES;
				CLANG_WARN_UNGUARDED_AVAILABILITY = YES_AGGRESSIVE;
				CLANG_WARN_UNREACHABLE_CODE = YES;
				CLANG_WARN__DUPLICATE_METHOD_MATCH = YES;
				CODE_SIGN_IDENTITY = "iPhone Developer";
				COPY_PHASE_STRIP = NO;
				DEBUG_INFORMATION_FORMAT = "dwarf-with-dsym";
				ENABLE_NS_ASSERTIONS = NO;
				ENABLE_STRICT_OBJC_MSGSEND = YES;
				GCC_C_LANGUAGE_STANDARD = gnu11;
				GCC_NO_COMMON_BLOCKS = YES;
				GCC_WARN_64_TO_32_BIT_CONVERSION = YES;
				GCC_WARN_ABOUT_RETURN_TYPE = YES_ERROR;
				GCC_WARN_UNDECLARED_SELECTOR = YES;
				GCC_WARN_UNINITIALIZED_AUTOS = YES_AGGRESSIVE;
				GCC_WARN_UNUSED_FUNCTION = YES;
				GCC_WARN_UNUSED_VARIABLE = YES;
				IPHONEOS_DEPLOYMENT_TARGET = 12.2;
				MTL_ENABLE_DEBUG_INFO = NO;
				MTL_FAST_MATH = YES;
				SDKROOT = iphoneos;
				SWIFT_COMPILATION_MODE = wholemodule;
				SWIFT_OPTIMIZATION_LEVEL = "-O";
				VALIDATE_PRODUCT = YES;
			};
			name = Release;
		};
		FEFCC3DB227CEC4800C41107 /* Debug */ = {
			isa = XCBuildConfiguration;
			buildSettings = {
				ASSETCATALOG_COMPILER_APPICON_NAME = AppIcon;
				CODE_SIGN_STYLE = Automatic;
				DEVELOPMENT_TEAM = 2D9W9FDDN6;
				INFOPLIST_FILE = MusicaPlayer/Info.plist;
				LD_RUNPATH_SEARCH_PATHS = (
					"$(inherited)",
					"@executable_path/Frameworks",
				);
				PRODUCT_BUNDLE_IDENTIFIER = com.vintagerobot.MusicaPlayer;
				PRODUCT_NAME = "$(TARGET_NAME)";
				SWIFT_VERSION = 5.0;
				TARGETED_DEVICE_FAMILY = "1,2";
			};
			name = Debug;
		};
		FEFCC3DC227CEC4800C41107 /* Release */ = {
			isa = XCBuildConfiguration;
			buildSettings = {
				ASSETCATALOG_COMPILER_APPICON_NAME = AppIcon;
				CODE_SIGN_STYLE = Automatic;
				DEVELOPMENT_TEAM = 2D9W9FDDN6;
				INFOPLIST_FILE = MusicaPlayer/Info.plist;
				LD_RUNPATH_SEARCH_PATHS = (
					"$(inherited)",
					"@executable_path/Frameworks",
				);
				PRODUCT_BUNDLE_IDENTIFIER = com.vintagerobot.MusicaPlayer;
				PRODUCT_NAME = "$(TARGET_NAME)";
				SWIFT_VERSION = 5.0;
				TARGETED_DEVICE_FAMILY = "1,2";
			};
			name = Release;
		};
/* End XCBuildConfiguration section */

/* Begin XCConfigurationList section */
		FEFCC3C3227CEC4600C41107 /* Build configuration list for PBXProject "MusicaPlayer" */ = {
			isa = XCConfigurationList;
			buildConfigurations = (
				FEFCC3D8227CEC4800C41107 /* Debug */,
				FEFCC3D9227CEC4800C41107 /* Release */,
			);
			defaultConfigurationIsVisible = 0;
			defaultConfigurationName = Release;
		};
		FEFCC3DA227CEC4800C41107 /* Build configuration list for PBXNativeTarget "MusicaPlayer" */ = {
			isa = XCConfigurationList;
			buildConfigurations = (
				FEFCC3DB227CEC4800C41107 /* Debug */,
				FEFCC3DC227CEC4800C41107 /* Release */,
			);
			defaultConfigurationIsVisible = 0;
			defaultConfigurationName = Release;
		};
/* End XCConfigurationList section */
	};
	rootObject = FEFCC3C0227CEC4600C41107 /* Project object */;
}
